// !$*UTF8*$!
{
	archiveVersion = 1;
	classes = {
	};
	objectVersion = 56;
	objects = {

/* Begin PBXBuildFile section */
		46E987702CDD1D5F00EEF7D2 /* LOTRConverterApp.swift in Sources */ = {isa = PBXBuildFile; fileRef = 46E9876F2CDD1D5F00EEF7D2 /* LOTRConverterApp.swift */; };
		46E987722CDD1D5F00EEF7D2 /* ContentView.swift in Sources */ = {isa = PBXBuildFile; fileRef = 46E987712CDD1D5F00EEF7D2 /* ContentView.swift */; };
		46E987742CDD1D6100EEF7D2 /* Assets.xcassets in Resources */ = {isa = PBXBuildFile; fileRef = 46E987732CDD1D6100EEF7D2 /* Assets.xcassets */; };
		46E987772CDD1D6100EEF7D2 /* Preview Assets.xcassets in Resources */ = {isa = PBXBuildFile; fileRef = 46E987762CDD1D6100EEF7D2 /* Preview Assets.xcassets */; };
		46E987792CDD1D6100EEF7D2 /* Persistence.swift in Sources */ = {isa = PBXBuildFile; fileRef = 46E987782CDD1D6100EEF7D2 /* Persistence.swift */; };
		46E9877C2CDD1D6100EEF7D2 /* LOTRConverter.xcdatamodeld in Sources */ = {isa = PBXBuildFile; fileRef = 46E9877A2CDD1D6100EEF7D2 /* LOTRConverter.xcdatamodeld */; };
		46E987862CDD1D6100EEF7D2 /* LOTRConverterTests.swift in Sources */ = {isa = PBXBuildFile; fileRef = 46E987852CDD1D6100EEF7D2 /* LOTRConverterTests.swift */; };
		46E987902CDD1D6100EEF7D2 /* LOTRConverterUITests.swift in Sources */ = {isa = PBXBuildFile; fileRef = 46E9878F2CDD1D6100EEF7D2 /* LOTRConverterUITests.swift */; };
		46E987922CDD1D6100EEF7D2 /* LOTRConverterUITestsLaunchTests.swift in Sources */ = {isa = PBXBuildFile; fileRef = 46E987912CDD1D6100EEF7D2 /* LOTRConverterUITestsLaunchTests.swift */; };
/* End PBXBuildFile section */

/* Begin PBXContainerItemProxy section */
		46E987822CDD1D6100EEF7D2 /* PBXContainerItemProxy */ = {
			isa = PBXContainerItemProxy;
			containerPortal = 46E987642CDD1D5F00EEF7D2 /* Project object */;
			proxyType = 1;
			remoteGlobalIDString = 46E9876B2CDD1D5F00EEF7D2;
			remoteInfo = LOTRConverter;
		};
		46E9878C2CDD1D6100EEF7D2 /* PBXContainerItemProxy */ = {
			isa = PBXContainerItemProxy;
			containerPortal = 46E987642CDD1D5F00EEF7D2 /* Project object */;
			proxyType = 1;
			remoteGlobalIDString = 46E9876B2CDD1D5F00EEF7D2;
			remoteInfo = LOTRConverter;
		};
/* End PBXContainerItemProxy section */

/* Begin PBXFileReference section */
		46E9876C2CDD1D5F00EEF7D2 /* LOTRConverter.app */ = {isa = PBXFileReference; explicitFileType = wrapper.application; includeInIndex = 0; path = LOTRConverter.app; sourceTree = BUILT_PRODUCTS_DIR; };
		46E9876F2CDD1D5F00EEF7D2 /* LOTRConverterApp.swift */ = {isa = PBXFileReference; lastKnownFileType = sourcecode.swift; path = LOTRConverterApp.swift; sourceTree = "<group>"; };
		46E987712CDD1D5F00EEF7D2 /* ContentView.swift */ = {isa = PBXFileReference; lastKnownFileType = sourcecode.swift; path = ContentView.swift; sourceTree = "<group>"; };
		46E987732CDD1D6100EEF7D2 /* Assets.xcassets */ = {isa = PBXFileReference; lastKnownFileType = folder.assetcatalog; path = Assets.xcassets; sourceTree = "<group>"; };
		46E987762CDD1D6100EEF7D2 /* Preview Assets.xcassets */ = {isa = PBXFileReference; lastKnownFileType = folder.assetcatalog; path = "Preview Assets.xcassets"; sourceTree = "<group>"; };
		46E987782CDD1D6100EEF7D2 /* Persistence.swift */ = {isa = PBXFileReference; lastKnownFileType = sourcecode.swift; path = Persistence.swift; sourceTree = "<group>"; };
		46E9877B2CDD1D6100EEF7D2 /* LOTRConverter.xcdatamodel */ = {isa = PBXFileReference; lastKnownFileType = wrapper.xcdatamodel; path = LOTRConverter.xcdatamodel; sourceTree = "<group>"; };
		46E987812CDD1D6100EEF7D2 /* LOTRConverterTests.xctest */ = {isa = PBXFileReference; explicitFileType = wrapper.cfbundle; includeInIndex = 0; path = LOTRConverterTests.xctest; sourceTree = BUILT_PRODUCTS_DIR; };
		46E987852CDD1D6100EEF7D2 /* LOTRConverterTests.swift */ = {isa = PBXFileReference; lastKnownFileType = sourcecode.swift; path = LOTRConverterTests.swift; sourceTree = "<group>"; };
		46E9878B2CDD1D6100EEF7D2 /* LOTRConverterUITests.xctest */ = {isa = PBXFileReference; explicitFileType = wrapper.cfbundle; includeInIndex = 0; path = LOTRConverterUITests.xctest; sourceTree = BUILT_PRODUCTS_DIR; };
		46E9878F2CDD1D6100EEF7D2 /* LOTRConverterUITests.swift */ = {isa = PBXFileReference; lastKnownFileType = sourcecode.swift; path = LOTRConverterUITests.swift; sourceTree = "<group>"; };
		46E987912CDD1D6100EEF7D2 /* LOTRConverterUITestsLaunchTests.swift */ = {isa = PBXFileReference; lastKnownFileType = sourcecode.swift; path = LOTRConverterUITestsLaunchTests.swift; sourceTree = "<group>"; };
/* End PBXFileReference section */

/* Begin PBXFrameworksBuildPhase section */
		46E987692CDD1D5F00EEF7D2 /* Frameworks */ = {
			isa = PBXFrameworksBuildPhase;
			buildActionMask = 2147483647;
			files = (
			);
			runOnlyForDeploymentPostprocessing = 0;
		};
		46E9877E2CDD1D6100EEF7D2 /* Frameworks */ = {
			isa = PBXFrameworksBuildPhase;
			buildActionMask = 2147483647;
			files = (
			);
			runOnlyForDeploymentPostprocessing = 0;
		};
		46E987882CDD1D6100EEF7D2 /* Frameworks */ = {
			isa = PBXFrameworksBuildPhase;
			buildActionMask = 2147483647;
			files = (
			);
			runOnlyForDeploymentPostprocessing = 0;
		};
/* End PBXFrameworksBuildPhase section */

/* Begin PBXGroup section */
		46E987632CDD1D5F00EEF7D2 = {
			isa = PBXGroup;
			children = (
				46E9876E2CDD1D5F00EEF7D2 /* LOTRConverter */,
				46E987842CDD1D6100EEF7D2 /* LOTRConverterTests */,
				46E9878E2CDD1D6100EEF7D2 /* LOTRConverterUITests */,
				46E9876D2CDD1D5F00EEF7D2 /* Products */,
			);
			sourceTree = "<group>";
		};
		46E9876D2CDD1D5F00EEF7D2 /* Products */ = {
			isa = PBXGroup;
			children = (
				46E9876C2CDD1D5F00EEF7D2 /* LOTRConverter.app */,
				46E987812CDD1D6100EEF7D2 /* LOTRConverterTests.xctest */,
				46E9878B2CDD1D6100EEF7D2 /* LOTRConverterUITests.xctest */,
			);
			name = Products;
			sourceTree = "<group>";
		};
		46E9876E2CDD1D5F00EEF7D2 /* LOTRConverter */ = {
			isa = PBXGroup;
			children = (
				46E9876F2CDD1D5F00EEF7D2 /* LOTRConverterApp.swift */,
				46E987712CDD1D5F00EEF7D2 /* ContentView.swift */,
				46E987732CDD1D6100EEF7D2 /* Assets.xcassets */,
				46E987782CDD1D6100EEF7D2 /* Persistence.swift */,
				46E9877A2CDD1D6100EEF7D2 /* LOTRConverter.xcdatamodeld */,
				46E987752CDD1D6100EEF7D2 /* Preview Content */,
			);
			path = LOTRConverter;
			sourceTree = "<group>";
		};
		46E987752CDD1D6100EEF7D2 /* Preview Content */ = {
			isa = PBXGroup;
			children = (
				46E987762CDD1D6100EEF7D2 /* Preview Assets.xcassets */,
			);
			path = "Preview Content";
			sourceTree = "<group>";
		};
		46E987842CDD1D6100EEF7D2 /* LOTRConverterTests */ = {
			isa = PBXGroup;
			children = (
				46E987852CDD1D6100EEF7D2 /* LOTRConverterTests.swift */,
			);
			path = LOTRConverterTests;
			sourceTree = "<group>";
		};
		46E9878E2CDD1D6100EEF7D2 /* LOTRConverterUITests */ = {
			isa = PBXGroup;
			children = (
				46E9878F2CDD1D6100EEF7D2 /* LOTRConverterUITests.swift */,
				46E987912CDD1D6100EEF7D2 /* LOTRConverterUITestsLaunchTests.swift */,
			);
			path = LOTRConverterUITests;
			sourceTree = "<group>";
		};
/* End PBXGroup section */

/* Begin PBXNativeTarget section */
		46E9876B2CDD1D5F00EEF7D2 /* LOTRConverter */ = {
			isa = PBXNativeTarget;
			buildConfigurationList = 46E987952CDD1D6100EEF7D2 /* Build configuration list for PBXNativeTarget "LOTRConverter" */;
			buildPhases = (
				46E987682CDD1D5F00EEF7D2 /* Sources */,
				46E987692CDD1D5F00EEF7D2 /* Frameworks */,
				46E9876A2CDD1D5F00EEF7D2 /* Resources */,
			);
			buildRules = (
			);
			dependencies = (
			);
			name = LOTRConverter;
			productName = LOTRConverter;
			productReference = 46E9876C2CDD1D5F00EEF7D2 /* LOTRConverter.app */;
			productType = "com.apple.product-type.application";
		};
		46E987802CDD1D6100EEF7D2 /* LOTRConverterTests */ = {
			isa = PBXNativeTarget;
			buildConfigurationList = 46E987982CDD1D6100EEF7D2 /* Build configuration list for PBXNativeTarget "LOTRConverterTests" */;
			buildPhases = (
				46E9877D2CDD1D6100EEF7D2 /* Sources */,
				46E9877E2CDD1D6100EEF7D2 /* Frameworks */,
				46E9877F2CDD1D6100EEF7D2 /* Resources */,
			);
			buildRules = (
			);
			dependencies = (
				46E987832CDD1D6100EEF7D2 /* PBXTargetDependency */,
			);
			name = LOTRConverterTests;
			productName = LOTRConverterTests;
			productReference = 46E987812CDD1D6100EEF7D2 /* LOTRConverterTests.xctest */;
			productType = "com.apple.product-type.bundle.unit-test";
		};
		46E9878A2CDD1D6100EEF7D2 /* LOTRConverterUITests */ = {
			isa = PBXNativeTarget;
			buildConfigurationList = 46E9879B2CDD1D6100EEF7D2 /* Build configuration list for PBXNativeTarget "LOTRConverterUITests" */;
			buildPhases = (
				46E987872CDD1D6100EEF7D2 /* Sources */,
				46E987882CDD1D6100EEF7D2 /* Frameworks */,
				46E987892CDD1D6100EEF7D2 /* Resources */,
			);
			buildRules = (
			);
			dependencies = (
				46E9878D2CDD1D6100EEF7D2 /* PBXTargetDependency */,
			);
			name = LOTRConverterUITests;
			productName = LOTRConverterUITests;
			productReference = 46E9878B2CDD1D6100EEF7D2 /* LOTRConverterUITests.xctest */;
			productType = "com.apple.product-type.bundle.ui-testing";
		};
/* End PBXNativeTarget section */

/* Begin PBXProject section */
		46E987642CDD1D5F00EEF7D2 /* Project object */ = {
			isa = PBXProject;
			attributes = {
				BuildIndependentTargetsInParallel = 1;
				LastSwiftUpdateCheck = 1520;
				LastUpgradeCheck = 1520;
				TargetAttributes = {
					46E9876B2CDD1D5F00EEF7D2 = {
						CreatedOnToolsVersion = 15.2;
					};
					46E987802CDD1D6100EEF7D2 = {
						CreatedOnToolsVersion = 15.2;
						TestTargetID = 46E9876B2CDD1D5F00EEF7D2;
					};
					46E9878A2CDD1D6100EEF7D2 = {
						CreatedOnToolsVersion = 15.2;
						TestTargetID = 46E9876B2CDD1D5F00EEF7D2;
					};
				};
			};
			buildConfigurationList = 46E987672CDD1D5F00EEF7D2 /* Build configuration list for PBXProject "LOTRConverter" */;
			compatibilityVersion = "Xcode 14.0";
			developmentRegion = en;
			hasScannedForEncodings = 0;
			knownRegions = (
				en,
				Base,
			);
			mainGroup = 46E987632CDD1D5F00EEF7D2;
			productRefGroup = 46E9876D2CDD1D5F00EEF7D2 /* Products */;
			projectDirPath = "";
			projectRoot = "";
			targets = (
				46E9876B2CDD1D5F00EEF7D2 /* LOTRConverter */,
				46E987802CDD1D6100EEF7D2 /* LOTRConverterTests */,
				46E9878A2CDD1D6100EEF7D2 /* LOTRConverterUITests */,
			);
		};
/* End PBXProject section */

/* Begin PBXResourcesBuildPhase section */
		46E9876A2CDD1D5F00EEF7D2 /* Resources */ = {
			isa = PBXResourcesBuildPhase;
			buildActionMask = 2147483647;
			files = (
				46E987772CDD1D6100EEF7D2 /* Preview Assets.xcassets in Resources */,
				46E987742CDD1D6100EEF7D2 /* Assets.xcassets in Resources */,
			);
			runOnlyForDeploymentPostprocessing = 0;
		};
		46E9877F2CDD1D6100EEF7D2 /* Resources */ = {
			isa = PBXResourcesBuildPhase;
			buildActionMask = 2147483647;
			files = (
			);
			runOnlyForDeploymentPostprocessing = 0;
		};
		46E987892CDD1D6100EEF7D2 /* Resources */ = {
			isa = PBXResourcesBuildPhase;
			buildActionMask = 2147483647;
			files = (
			);
			runOnlyForDeploymentPostprocessing = 0;
		};
/* End PBXResourcesBuildPhase section */

/* Begin PBXSourcesBuildPhase section */
		46E987682CDD1D5F00EEF7D2 /* Sources */ = {
			isa = PBXSourcesBuildPhase;
			buildActionMask = 2147483647;
			files = (
				46E987792CDD1D6100EEF7D2 /* Persistence.swift in Sources */,
				46E987722CDD1D5F00EEF7D2 /* ContentView.swift in Sources */,
				46E987702CDD1D5F00EEF7D2 /* LOTRConverterApp.swift in Sources */,
				46E9877C2CDD1D6100EEF7D2 /* LOTRConverter.xcdatamodeld in Sources */,
			);
			runOnlyForDeploymentPostprocessing = 0;
		};
		46E9877D2CDD1D6100EEF7D2 /* Sources */ = {
			isa = PBXSourcesBuildPhase;
			buildActionMask = 2147483647;
			files = (
				46E987862CDD1D6100EEF7D2 /* LOTRConverterTests.swift in Sources */,
			);
			runOnlyForDeploymentPostprocessing = 0;
		};
		46E987872CDD1D6100EEF7D2 /* Sources */ = {
			isa = PBXSourcesBuildPhase;
			buildActionMask = 2147483647;
			files = (
				46E987922CDD1D6100EEF7D2 /* LOTRConverterUITestsLaunchTests.swift in Sources */,
				46E987902CDD1D6100EEF7D2 /* LOTRConverterUITests.swift in Sources */,
			);
			runOnlyForDeploymentPostprocessing = 0;
		};
/* End PBXSourcesBuildPhase section */

/* Begin PBXTargetDependency section */
		46E987832CDD1D6100EEF7D2 /* PBXTargetDependency */ = {
			isa = PBXTargetDependency;
			target = 46E9876B2CDD1D5F00EEF7D2 /* LOTRConverter */;
			targetProxy = 46E987822CDD1D6100EEF7D2 /* PBXContainerItemProxy */;
		};
		46E9878D2CDD1D6100EEF7D2 /* PBXTargetDependency */ = {
			isa = PBXTargetDependency;
			target = 46E9876B2CDD1D5F00EEF7D2 /* LOTRConverter */;
			targetProxy = 46E9878C2CDD1D6100EEF7D2 /* PBXContainerItemProxy */;
		};
/* End PBXTargetDependency section */

/* Begin XCBuildConfiguration section */
		46E987932CDD1D6100EEF7D2 /* Debug */ = {
			isa = XCBuildConfiguration;
			buildSettings = {
				ALWAYS_SEARCH_USER_PATHS = NO;
				ASSETCATALOG_COMPILER_GENERATE_SWIFT_ASSET_SYMBOL_EXTENSIONS = YES;
				CLANG_ANALYZER_NONNULL = YES;
				CLANG_ANALYZER_NUMBER_OBJECT_CONVERSION = YES_AGGRESSIVE;
				CLANG_CXX_LANGUAGE_STANDARD = "gnu++20";
				CLANG_ENABLE_MODULES = YES;
				CLANG_ENABLE_OBJC_ARC = YES;
				CLANG_ENABLE_OBJC_WEAK = YES;
				CLANG_WARN_BLOCK_CAPTURE_AUTORELEASING = YES;
				CLANG_WARN_BOOL_CONVERSION = YES;
				CLANG_WARN_COMMA = YES;
				CLANG_WARN_CONSTANT_CONVERSION = YES;
				CLANG_WARN_DEPRECATED_OBJC_IMPLEMENTATIONS = YES;
				CLANG_WARN_DIRECT_OBJC_ISA_USAGE = YES_ERROR;
				CLANG_WARN_DOCUMENTATION_COMMENTS = YES;
				CLANG_WARN_EMPTY_BODY = YES;
				CLANG_WARN_ENUM_CONVERSION = YES;
				CLANG_WARN_INFINITE_RECURSION = YES;
				CLANG_WARN_INT_CONVERSION = YES;
				CLANG_WARN_NON_LITERAL_NULL_CONVERSION = YES;
				CLANG_WARN_OBJC_IMPLICIT_RETAIN_SELF = YES;
				CLANG_WARN_OBJC_LITERAL_CONVERSION = YES;
				CLANG_WARN_OBJC_ROOT_CLASS = YES_ERROR;
				CLANG_WARN_QUOTED_INCLUDE_IN_FRAMEWORK_HEADER = YES;
				CLANG_WARN_RANGE_LOOP_ANALYSIS = YES;
				CLANG_WARN_STRICT_PROTOTYPES = YES;
				CLANG_WARN_SUSPICIOUS_MOVE = YES;
				CLANG_WARN_UNGUARDED_AVAILABILITY = YES_AGGRESSIVE;
				CLANG_WARN_UNREACHABLE_CODE = YES;
				CLANG_WARN__DUPLICATE_METHOD_MATCH = YES;
				COPY_PHASE_STRIP = NO;
				DEBUG_INFORMATION_FORMAT = dwarf;
				ENABLE_STRICT_OBJC_MSGSEND = YES;
				ENABLE_TESTABILITY = YES;
				ENABLE_USER_SCRIPT_SANDBOXING = YES;
				GCC_C_LANGUAGE_STANDARD = gnu17;
				GCC_DYNAMIC_NO_PIC = NO;
				GCC_NO_COMMON_BLOCKS = YES;
				GCC_OPTIMIZATION_LEVEL = 0;
				GCC_PREPROCESSOR_DEFINITIONS = (
					"DEBUG=1",
					"$(inherited)",
				);
				GCC_WARN_64_TO_32_BIT_CONVERSION = YES;
				GCC_WARN_ABOUT_RETURN_TYPE = YES_ERROR;
				GCC_WARN_UNDECLARED_SELECTOR = YES;
				GCC_WARN_UNINITIALIZED_AUTOS = YES_AGGRESSIVE;
				GCC_WARN_UNUSED_FUNCTION = YES;
				GCC_WARN_UNUSED_VARIABLE = YES;
				IPHONEOS_DEPLOYMENT_TARGET = 17.2;
				LOCALIZATION_PREFERS_STRING_CATALOGS = YES;
				MTL_ENABLE_DEBUG_INFO = INCLUDE_SOURCE;
				MTL_FAST_MATH = YES;
				ONLY_ACTIVE_ARCH = YES;
				SDKROOT = iphoneos;
				SWIFT_ACTIVE_COMPILATION_CONDITIONS = "DEBUG $(inherited)";
				SWIFT_OPTIMIZATION_LEVEL = "-Onone";
			};
			name = Debug;
		};
		46E987942CDD1D6100EEF7D2 /* Release */ = {
			isa = XCBuildConfiguration;
			buildSettings = {
				ALWAYS_SEARCH_USER_PATHS = NO;
				ASSETCATALOG_COMPILER_GENERATE_SWIFT_ASSET_SYMBOL_EXTENSIONS = YES;
				CLANG_ANALYZER_NONNULL = YES;
				CLANG_ANALYZER_NUMBER_OBJECT_CONVERSION = YES_AGGRESSIVE;
				CLANG_CXX_LANGUAGE_STANDARD = "gnu++20";
				CLANG_ENABLE_MODULES = YES;
				CLANG_ENABLE_OBJC_ARC = YES;
				CLANG_ENABLE_OBJC_WEAK = YES;
				CLANG_WARN_BLOCK_CAPTURE_AUTORELEASING = YES;
				CLANG_WARN_BOOL_CONVERSION = YES;
				CLANG_WARN_COMMA = YES;
				CLANG_WARN_CONSTANT_CONVERSION = YES;
				CLANG_WARN_DEPRECATED_OBJC_IMPLEMENTATIONS = YES;
				CLANG_WARN_DIRECT_OBJC_ISA_USAGE = YES_ERROR;
				CLANG_WARN_DOCUMENTATION_COMMENTS = YES;
				CLANG_WARN_EMPTY_BODY = YES;
				CLANG_WARN_ENUM_CONVERSION = YES;
				CLANG_WARN_INFINITE_RECURSION = YES;
				CLANG_WARN_INT_CONVERSION = YES;
				CLANG_WARN_NON_LITERAL_NULL_CONVERSION = YES;
				CLANG_WARN_OBJC_IMPLICIT_RETAIN_SELF = YES;
				CLANG_WARN_OBJC_LITERAL_CONVERSION = YES;
				CLANG_WARN_OBJC_ROOT_CLASS = YES_ERROR;
				CLANG_WARN_QUOTED_INCLUDE_IN_FRAMEWORK_HEADER = YES;
				CLANG_WARN_RANGE_LOOP_ANALYSIS = YES;
				CLANG_WARN_STRICT_PROTOTYPES = YES;
				CLANG_WARN_SUSPICIOUS_MOVE = YES;
				CLANG_WARN_UNGUARDED_AVAILABILITY = YES_AGGRESSIVE;
				CLANG_WARN_UNREACHABLE_CODE = YES;
				CLANG_WARN__DUPLICATE_METHOD_MATCH = YES;
				COPY_PHASE_STRIP = NO;
				DEBUG_INFORMATION_FORMAT = "dwarf-with-dsym";
				ENABLE_NS_ASSERTIONS = NO;
				ENABLE_STRICT_OBJC_MSGSEND = YES;
				ENABLE_USER_SCRIPT_SANDBOXING = YES;
				GCC_C_LANGUAGE_STANDARD = gnu17;
				GCC_NO_COMMON_BLOCKS = YES;
				GCC_WARN_64_TO_32_BIT_CONVERSION = YES;
				GCC_WARN_ABOUT_RETURN_TYPE = YES_ERROR;
				GCC_WARN_UNDECLARED_SELECTOR = YES;
				GCC_WARN_UNINITIALIZED_AUTOS = YES_AGGRESSIVE;
				GCC_WARN_UNUSED_FUNCTION = YES;
				GCC_WARN_UNUSED_VARIABLE = YES;
				IPHONEOS_DEPLOYMENT_TARGET = 17.2;
				LOCALIZATION_PREFERS_STRING_CATALOGS = YES;
				MTL_ENABLE_DEBUG_INFO = NO;
				MTL_FAST_MATH = YES;
				SDKROOT = iphoneos;
				SWIFT_COMPILATION_MODE = wholemodule;
				VALIDATE_PRODUCT = YES;
			};
			name = Release;
		};
		46E987962CDD1D6100EEF7D2 /* Debug */ = {
			isa = XCBuildConfiguration;
			buildSettings = {
				ASSETCATALOG_COMPILER_APPICON_NAME = AppIcon;
				ASSETCATALOG_COMPILER_GLOBAL_ACCENT_COLOR_NAME = AccentColor;
				CODE_SIGN_STYLE = Automatic;
				CURRENT_PROJECT_VERSION = 1;
				DEVELOPMENT_ASSET_PATHS = "\"LOTRConverter/Preview Content\"";
				DEVELOPMENT_TEAM = Y2C7RH83C3;
				ENABLE_PREVIEWS = YES;
				GENERATE_INFOPLIST_FILE = YES;
				INFOPLIST_KEY_UIApplicationSceneManifest_Generation = YES;
				INFOPLIST_KEY_UIApplicationSupportsIndirectInputEvents = YES;
				INFOPLIST_KEY_UILaunchScreen_Generation = YES;
				INFOPLIST_KEY_UISupportedInterfaceOrientations_iPad = "UIInterfaceOrientationPortrait UIInterfaceOrientationPortraitUpsideDown UIInterfaceOrientationLandscapeLeft UIInterfaceOrientationLandscapeRight";
				INFOPLIST_KEY_UISupportedInterfaceOrientations_iPhone = "UIInterfaceOrientationPortrait UIInterfaceOrientationLandscapeLeft UIInterfaceOrientationLandscapeRight";
				LD_RUNPATH_SEARCH_PATHS = (
					"$(inherited)",
					"@executable_path/Frameworks",
				);
				MARKETING_VERSION = 1.0;
				PRODUCT_BUNDLE_IDENTIFIER = com.amw.LOTRConverter;
				PRODUCT_NAME = "$(TARGET_NAME)";
				SWIFT_EMIT_LOC_STRINGS = YES;
				SWIFT_VERSION = 5.0;
				TARGETED_DEVICE_FAMILY = "1,2";
			};
			name = Debug;
		};
		46E987972CDD1D6100EEF7D2 /* Release */ = {
			isa = XCBuildConfiguration;
			buildSettings = {
				ASSETCATALOG_COMPILER_APPICON_NAME = AppIcon;
				ASSETCATALOG_COMPILER_GLOBAL_ACCENT_COLOR_NAME = AccentColor;
				CODE_SIGN_STYLE = Automatic;
				CURRENT_PROJECT_VERSION = 1;
				DEVELOPMENT_ASSET_PATHS = "\"LOTRConverter/Preview Content\"";
				DEVELOPMENT_TEAM = Y2C7RH83C3;
				ENABLE_PREVIEWS = YES;
				GENERATE_INFOPLIST_FILE = YES;
				INFOPLIST_KEY_UIApplicationSceneManifest_Generation = YES;
				INFOPLIST_KEY_UIApplicationSupportsIndirectInputEvents = YES;
				INFOPLIST_KEY_UILaunchScreen_Generation = YES;
				INFOPLIST_KEY_UISupportedInterfaceOrientations_iPad = "UIInterfaceOrientationPortrait UIInterfaceOrientationPortraitUpsideDown UIInterfaceOrientationLandscapeLeft UIInterfaceOrientationLandscapeRight";
				INFOPLIST_KEY_UISupportedInterfaceOrientations_iPhone = "UIInterfaceOrientationPortrait UIInterfaceOrientationLandscapeLeft UIInterfaceOrientationLandscapeRight";
				LD_RUNPATH_SEARCH_PATHS = (
					"$(inherited)",
					"@executable_path/Frameworks",
				);
				MARKETING_VERSION = 1.0;
				PRODUCT_BUNDLE_IDENTIFIER = com.amw.LOTRConverter;
				PRODUCT_NAME = "$(TARGET_NAME)";
				SWIFT_EMIT_LOC_STRINGS = YES;
				SWIFT_VERSION = 5.0;
				TARGETED_DEVICE_FAMILY = "1,2";
			};
			name = Release;
		};
		46E987992CDD1D6100EEF7D2 /* Debug */ = {
			isa = XCBuildConfiguration;
			buildSettings = {
				ALWAYS_EMBED_SWIFT_STANDARD_LIBRARIES = YES;
				BUNDLE_LOADER = "$(TEST_HOST)";
				CODE_SIGN_STYLE = Automatic;
				CURRENT_PROJECT_VERSION = 1;
				DEVELOPMENT_TEAM = Y2C7RH83C3;
				GENERATE_INFOPLIST_FILE = YES;
				IPHONEOS_DEPLOYMENT_TARGET = 17.2;
				MARKETING_VERSION = 1.0;
				PRODUCT_BUNDLE_IDENTIFIER = com.amw.LOTRConverterTests;
				PRODUCT_NAME = "$(TARGET_NAME)";
				SWIFT_EMIT_LOC_STRINGS = NO;
				SWIFT_VERSION = 5.0;
				TARGETED_DEVICE_FAMILY = "1,2";
				TEST_HOST = "$(BUILT_PRODUCTS_DIR)/LOTRConverter.app/$(BUNDLE_EXECUTABLE_FOLDER_PATH)/LOTRConverter";
			};
			name = Debug;
		};
		46E9879A2CDD1D6100EEF7D2 /* Release */ = {
			isa = XCBuildConfiguration;
			buildSettings = {
				ALWAYS_EMBED_SWIFT_STANDARD_LIBRARIES = YES;
				BUNDLE_LOADER = "$(TEST_HOST)";
				CODE_SIGN_STYLE = Automatic;
				CURRENT_PROJECT_VERSION = 1;
				DEVELOPMENT_TEAM = Y2C7RH83C3;
				GENERATE_INFOPLIST_FILE = YES;
				IPHONEOS_DEPLOYMENT_TARGET = 17.2;
				MARKETING_VERSION = 1.0;
				PRODUCT_BUNDLE_IDENTIFIER = com.amw.LOTRConverterTests;
				PRODUCT_NAME = "$(TARGET_NAME)";
				SWIFT_EMIT_LOC_STRINGS = NO;
				SWIFT_VERSION = 5.0;
				TARGETED_DEVICE_FAMILY = "1,2";
				TEST_HOST = "$(BUILT_PRODUCTS_DIR)/LOTRConverter.app/$(BUNDLE_EXECUTABLE_FOLDER_PATH)/LOTRConverter";
			};
			name = Release;
		};
		46E9879C2CDD1D6100EEF7D2 /* Debug */ = {
			isa = XCBuildConfiguration;
			buildSettings = {
				ALWAYS_EMBED_SWIFT_STANDARD_LIBRARIES = YES;
				CODE_SIGN_STYLE = Automatic;
				CURRENT_PROJECT_VERSION = 1;
				DEVELOPMENT_TEAM = Y2C7RH83C3;
				GENERATE_INFOPLIST_FILE = YES;
				MARKETING_VERSION = 1.0;
				PRODUCT_BUNDLE_IDENTIFIER = com.amw.LOTRConverterUITests;
				PRODUCT_NAME = "$(TARGET_NAME)";
				SWIFT_EMIT_LOC_STRINGS = NO;
				SWIFT_VERSION = 5.0;
				TARGETED_DEVICE_FAMILY = "1,2";
				TEST_TARGET_NAME = LOTRConverter;
			};
			name = Debug;
		};
		46E9879D2CDD1D6100EEF7D2 /* Release */ = {
			isa = XCBuildConfiguration;
			buildSettings = {
				ALWAYS_EMBED_SWIFT_STANDARD_LIBRARIES = YES;
				CODE_SIGN_STYLE = Automatic;
				CURRENT_PROJECT_VERSION = 1;
				DEVELOPMENT_TEAM = Y2C7RH83C3;
				GENERATE_INFOPLIST_FILE = YES;
				MARKETING_VERSION = 1.0;
				PRODUCT_BUNDLE_IDENTIFIER = com.amw.LOTRConverterUITests;
				PRODUCT_NAME = "$(TARGET_NAME)";
				SWIFT_EMIT_LOC_STRINGS = NO;
				SWIFT_VERSION = 5.0;
				TARGETED_DEVICE_FAMILY = "1,2";
				TEST_TARGET_NAME = LOTRConverter;
			};
			name = Release;
		};
/* End XCBuildConfiguration section */

/* Begin XCConfigurationList section */
		46E987672CDD1D5F00EEF7D2 /* Build configuration list for PBXProject "LOTRConverter" */ = {
			isa = XCConfigurationList;
			buildConfigurations = (
				46E987932CDD1D6100EEF7D2 /* Debug */,
				46E987942CDD1D6100EEF7D2 /* Release */,
			);
			defaultConfigurationIsVisible = 0;
			defaultConfigurationName = Release;
		};
		46E987952CDD1D6100EEF7D2 /* Build configuration list for PBXNativeTarget "LOTRConverter" */ = {
			isa = XCConfigurationList;
			buildConfigurations = (
				46E987962CDD1D6100EEF7D2 /* Debug */,
				46E987972CDD1D6100EEF7D2 /* Release */,
			);
			defaultConfigurationIsVisible = 0;
			defaultConfigurationName = Release;
		};
		46E987982CDD1D6100EEF7D2 /* Build configuration list for PBXNativeTarget "LOTRConverterTests" */ = {
			isa = XCConfigurationList;
			buildConfigurations = (
				46E987992CDD1D6100EEF7D2 /* Debug */,
				46E9879A2CDD1D6100EEF7D2 /* Release */,
			);
			defaultConfigurationIsVisible = 0;
			defaultConfigurationName = Release;
		};
		46E9879B2CDD1D6100EEF7D2 /* Build configuration list for PBXNativeTarget "LOTRConverterUITests" */ = {
			isa = XCConfigurationList;
			buildConfigurations = (
				46E9879C2CDD1D6100EEF7D2 /* Debug */,
				46E9879D2CDD1D6100EEF7D2 /* Release */,
			);
			defaultConfigurationIsVisible = 0;
			defaultConfigurationName = Release;
		};
/* End XCConfigurationList section */

/* Begin XCVersionGroup section */
		46E9877A2CDD1D6100EEF7D2 /* LOTRConverter.xcdatamodeld */ = {
			isa = XCVersionGroup;
			children = (
				46E9877B2CDD1D6100EEF7D2 /* LOTRConverter.xcdatamodel */,
			);
			currentVersion = 46E9877B2CDD1D6100EEF7D2 /* LOTRConverter.xcdatamodel */;
			path = LOTRConverter.xcdatamodeld;
			sourceTree = "<group>";
			versionGroupType = wrapper.xcdatamodel;
		};
/* End XCVersionGroup section */
	};
	rootObject = 46E987642CDD1D5F00EEF7D2 /* Project object */;
}
